// !$*UTF8*$!
{
	archiveVersion = 1;
	classes = {
	};
	objectVersion = 50;
	objects = {

/* Begin PBXBuildFile section */
		FEB225162080A16600A836DD /* AppDelegate.m in Sources */ = {isa = PBXBuildFile; fileRef = FEB225152080A16600A836DD /* AppDelegate.m */; };
		FEB225192080A16600A836DD /* ViewController.m in Sources */ = {isa = PBXBuildFile; fileRef = FEB225182080A16600A836DD /* ViewController.m */; };
		FEB2251C2080A16600A836DD /* Main.storyboard in Resources */ = {isa = PBXBuildFile; fileRef = FEB2251A2080A16600A836DD /* Main.storyboard */; };
		FEB2251E2080A16700A836DD /* Assets.xcassets in Resources */ = {isa = PBXBuildFile; fileRef = FEB2251D2080A16700A836DD /* Assets.xcassets */; };
		FEB225212080A16700A836DD /* LaunchScreen.storyboard in Resources */ = {isa = PBXBuildFile; fileRef = FEB2251F2080A16700A836DD /* LaunchScreen.storyboard */; };
		FEB225242080A16700A836DD /* main.m in Sources */ = {isa = PBXBuildFile; fileRef = FEB225232080A16700A836DD /* main.m */; };
		FEB2252E2080A16700A836DD /* SFRefreshViewTests.m in Sources */ = {isa = PBXBuildFile; fileRef = FEB2252D2080A16700A836DD /* SFRefreshViewTests.m */; };
		FEB225392080A16700A836DD /* SFRefreshViewUITests.m in Sources */ = {isa = PBXBuildFile; fileRef = FEB225382080A16700A836DD /* SFRefreshViewUITests.m */; };
		FEB2255D2080A23400A836DD /* SFRefreshFooterView.m in Sources */ = {isa = PBXBuildFile; fileRef = FEB225482080A23400A836DD /* SFRefreshFooterView.m */; };
		FEB2255E2080A23400A836DD /* UIScrollView+SFRefresh.m in Sources */ = {isa = PBXBuildFile; fileRef = FEB2254A2080A23400A836DD /* UIScrollView+SFRefresh.m */; };
		FEB2255F2080A23400A836DD /* SFNormalFooterAnimator.m in Sources */ = {isa = PBXBuildFile; fileRef = FEB2254E2080A23400A836DD /* SFNormalFooterAnimator.m */; };
		FEB225602080A23400A836DD /* UIColorExtension.swift in Sources */ = {isa = PBXBuildFile; fileRef = FEB225502080A23400A836DD /* UIColorExtension.swift */; };
		FEB225612080A23400A836DD /* SFFastAnimator.m in Sources */ = {isa = PBXBuildFile; fileRef = FEB225522080A23400A836DD /* SFFastAnimator.m */; };
		FEB225622080A23400A836DD /* FastLayer.swift in Sources */ = {isa = PBXBuildFile; fileRef = FEB225532080A23400A836DD /* FastLayer.swift */; };
		FEB225632080A23400A836DD /* FastArrowLayer.swift in Sources */ = {isa = PBXBuildFile; fileRef = FEB225542080A23400A836DD /* FastArrowLayer.swift */; };
		FEB225642080A23400A836DD /* FastCheckLayer.swift in Sources */ = {isa = PBXBuildFile; fileRef = FEB225552080A23400A836DD /* FastCheckLayer.swift */; };
		FEB225652080A23400A836DD /* FastCircleLayer.swift in Sources */ = {isa = PBXBuildFile; fileRef = FEB225562080A23400A836DD /* FastCircleLayer.swift */; };
		FEB225662080A23400A836DD /* SFRefreshWrapper.m in Sources */ = {isa = PBXBuildFile; fileRef = FEB225592080A23400A836DD /* SFRefreshWrapper.m */; };
		FEB225672080A23400A836DD /* SFRefreshHeaderView.m in Sources */ = {isa = PBXBuildFile; fileRef = FEB2255A2080A23400A836DD /* SFRefreshHeaderView.m */; };
		FEB225682080A23400A836DD /* SFRefreshComponent.m in Sources */ = {isa = PBXBuildFile; fileRef = FEB2255B2080A23400A836DD /* SFRefreshComponent.m */; };
/* End PBXBuildFile section */

/* Begin PBXContainerItemProxy section */
		FEB2252A2080A16700A836DD /* PBXContainerItemProxy */ = {
			isa = PBXContainerItemProxy;
			containerPortal = FEB225092080A16600A836DD /* Project object */;
			proxyType = 1;
			remoteGlobalIDString = FEB225102080A16600A836DD;
			remoteInfo = SFRefreshView;
		};
		FEB225352080A16700A836DD /* PBXContainerItemProxy */ = {
			isa = PBXContainerItemProxy;
			containerPortal = FEB225092080A16600A836DD /* Project object */;
			proxyType = 1;
			remoteGlobalIDString = FEB225102080A16600A836DD;
			remoteInfo = SFRefreshView;
		};
/* End PBXContainerItemProxy section */

/* Begin PBXFileReference section */
		FEB225112080A16600A836DD /* SFRefreshView.app */ = {isa = PBXFileReference; explicitFileType = wrapper.application; includeInIndex = 0; path = SFRefreshView.app; sourceTree = BUILT_PRODUCTS_DIR; };
		FEB225142080A16600A836DD /* AppDelegate.h */ = {isa = PBXFileReference; lastKnownFileType = sourcecode.c.h; path = AppDelegate.h; sourceTree = "<group>"; };
		FEB225152080A16600A836DD /* AppDelegate.m */ = {isa = PBXFileReference; lastKnownFileType = sourcecode.c.objc; path = AppDelegate.m; sourceTree = "<group>"; };
		FEB225172080A16600A836DD /* ViewController.h */ = {isa = PBXFileReference; lastKnownFileType = sourcecode.c.h; path = ViewController.h; sourceTree = "<group>"; };
		FEB225182080A16600A836DD /* ViewController.m */ = {isa = PBXFileReference; lastKnownFileType = sourcecode.c.objc; path = ViewController.m; sourceTree = "<group>"; };
		FEB2251B2080A16600A836DD /* Base */ = {isa = PBXFileReference; lastKnownFileType = file.storyboard; name = Base; path = Base.lproj/Main.storyboard; sourceTree = "<group>"; };
		FEB2251D2080A16700A836DD /* Assets.xcassets */ = {isa = PBXFileReference; lastKnownFileType = folder.assetcatalog; path = Assets.xcassets; sourceTree = "<group>"; };
		FEB225202080A16700A836DD /* Base */ = {isa = PBXFileReference; lastKnownFileType = file.storyboard; name = Base; path = Base.lproj/LaunchScreen.storyboard; sourceTree = "<group>"; };
		FEB225222080A16700A836DD /* Info.plist */ = {isa = PBXFileReference; lastKnownFileType = text.plist.xml; path = Info.plist; sourceTree = "<group>"; };
		FEB225232080A16700A836DD /* main.m */ = {isa = PBXFileReference; lastKnownFileType = sourcecode.c.objc; path = main.m; sourceTree = "<group>"; };
		FEB225292080A16700A836DD /* SFRefreshViewTests.xctest */ = {isa = PBXFileReference; explicitFileType = wrapper.cfbundle; includeInIndex = 0; path = SFRefreshViewTests.xctest; sourceTree = BUILT_PRODUCTS_DIR; };
		FEB2252D2080A16700A836DD /* SFRefreshViewTests.m */ = {isa = PBXFileReference; lastKnownFileType = sourcecode.c.objc; path = SFRefreshViewTests.m; sourceTree = "<group>"; };
		FEB2252F2080A16700A836DD /* Info.plist */ = {isa = PBXFileReference; lastKnownFileType = text.plist.xml; path = Info.plist; sourceTree = "<group>"; };
		FEB225342080A16700A836DD /* SFRefreshViewUITests.xctest */ = {isa = PBXFileReference; explicitFileType = wrapper.cfbundle; includeInIndex = 0; path = SFRefreshViewUITests.xctest; sourceTree = BUILT_PRODUCTS_DIR; };
		FEB225382080A16700A836DD /* SFRefreshViewUITests.m */ = {isa = PBXFileReference; lastKnownFileType = sourcecode.c.objc; path = SFRefreshViewUITests.m; sourceTree = "<group>"; };
		FEB2253A2080A16700A836DD /* Info.plist */ = {isa = PBXFileReference; lastKnownFileType = text.plist.xml; path = Info.plist; sourceTree = "<group>"; };
		FEB225472080A23400A836DD /* SFRefreshWrapper.h */ = {isa = PBXFileReference; fileEncoding = 4; lastKnownFileType = sourcecode.c.h; path = SFRefreshWrapper.h; sourceTree = "<group>"; };
		FEB225482080A23400A836DD /* SFRefreshFooterView.m */ = {isa = PBXFileReference; fileEncoding = 4; lastKnownFileType = sourcecode.c.objc; path = SFRefreshFooterView.m; sourceTree = "<group>"; };
		FEB225492080A23400A836DD /* SFRefreshHeaderView.h */ = {isa = PBXFileReference; fileEncoding = 4; lastKnownFileType = sourcecode.c.h; path = SFRefreshHeaderView.h; sourceTree = "<group>"; };
		FEB2254A2080A23400A836DD /* UIScrollView+SFRefresh.m */ = {isa = PBXFileReference; fileEncoding = 4; lastKnownFileType = sourcecode.c.objc; path = "UIScrollView+SFRefresh.m"; sourceTree = "<group>"; };
		FEB2254B2080A23400A836DD /* SFRefreshComponent.h */ = {isa = PBXFileReference; fileEncoding = 4; lastKnownFileType = sourcecode.c.h; path = SFRefreshComponent.h; sourceTree = "<group>"; };
		FEB2254E2080A23400A836DD /* SFNormalFooterAnimator.m */ = {isa = PBXFileReference; fileEncoding = 4; lastKnownFileType = sourcecode.c.objc; path = SFNormalFooterAnimator.m; sourceTree = "<group>"; };
		FEB2254F2080A23400A836DD /* SFNormalFooterAnimator.h */ = {isa = PBXFileReference; fileEncoding = 4; lastKnownFileType = sourcecode.c.h; path = SFNormalFooterAnimator.h; sourceTree = "<group>"; };
		FEB225502080A23400A836DD /* UIColorExtension.swift */ = {isa = PBXFileReference; fileEncoding = 4; lastKnownFileType = sourcecode.swift; path = UIColorExtension.swift; sourceTree = "<group>"; };
		FEB225522080A23400A836DD /* SFFastAnimator.m */ = {isa = PBXFileReference; fileEncoding = 4; lastKnownFileType = sourcecode.c.objc; path = SFFastAnimator.m; sourceTree = "<group>"; };
		FEB225532080A23400A836DD /* FastLayer.swift */ = {isa = PBXFileReference; fileEncoding = 4; lastKnownFileType = sourcecode.swift; path = FastLayer.swift; sourceTree = "<group>"; };
		FEB225542080A23400A836DD /* FastArrowLayer.swift */ = {isa = PBXFileReference; fileEncoding = 4; lastKnownFileType = sourcecode.swift; path = FastArrowLayer.swift; sourceTree = "<group>"; };
		FEB225552080A23400A836DD /* FastCheckLayer.swift */ = {isa = PBXFileReference; fileEncoding = 4; lastKnownFileType = sourcecode.swift; path = FastCheckLayer.swift; sourceTree = "<group>"; };
		FEB225562080A23400A836DD /* FastCircleLayer.swift */ = {isa = PBXFileReference; fileEncoding = 4; lastKnownFileType = sourcecode.swift; path = FastCircleLayer.swift; sourceTree = "<group>"; };
		FEB225572080A23400A836DD /* SFFastAnimator.h */ = {isa = PBXFileReference; fileEncoding = 4; lastKnownFileType = sourcecode.c.h; path = SFFastAnimator.h; sourceTree = "<group>"; };
		FEB225582080A23400A836DD /* SFRefreshFooterView.h */ = {isa = PBXFileReference; fileEncoding = 4; lastKnownFileType = sourcecode.c.h; path = SFRefreshFooterView.h; sourceTree = "<group>"; };
		FEB225592080A23400A836DD /* SFRefreshWrapper.m */ = {isa = PBXFileReference; fileEncoding = 4; lastKnownFileType = sourcecode.c.objc; path = SFRefreshWrapper.m; sourceTree = "<group>"; };
		FEB2255A2080A23400A836DD /* SFRefreshHeaderView.m */ = {isa = PBXFileReference; fileEncoding = 4; lastKnownFileType = sourcecode.c.objc; path = SFRefreshHeaderView.m; sourceTree = "<group>"; };
		FEB2255B2080A23400A836DD /* SFRefreshComponent.m */ = {isa = PBXFileReference; fileEncoding = 4; lastKnownFileType = sourcecode.c.objc; path = SFRefreshComponent.m; sourceTree = "<group>"; };
		FEB2255C2080A23400A836DD /* UIScrollView+SFRefresh.h */ = {isa = PBXFileReference; fileEncoding = 4; lastKnownFileType = sourcecode.c.h; path = "UIScrollView+SFRefresh.h"; sourceTree = "<group>"; };
/* End PBXFileReference section */

/* Begin PBXFrameworksBuildPhase section */
		FEB2250E2080A16600A836DD /* Frameworks */ = {
			isa = PBXFrameworksBuildPhase;
			buildActionMask = 2147483647;
			files = (
			);
			runOnlyForDeploymentPostprocessing = 0;
		};
		FEB225262080A16700A836DD /* Frameworks */ = {
			isa = PBXFrameworksBuildPhase;
			buildActionMask = 2147483647;
			files = (
			);
			runOnlyForDeploymentPostprocessing = 0;
		};
		FEB225312080A16700A836DD /* Frameworks */ = {
			isa = PBXFrameworksBuildPhase;
			buildActionMask = 2147483647;
			files = (
			);
			runOnlyForDeploymentPostprocessing = 0;
		};
/* End PBXFrameworksBuildPhase section */

/* Begin PBXGroup section */
		FEB225082080A16600A836DD = {
			isa = PBXGroup;
			children = (
				FEB225132080A16600A836DD /* SFRefreshView */,
				FEB2252C2080A16700A836DD /* SFRefreshViewTests */,
				FEB225372080A16700A836DD /* SFRefreshViewUITests */,
				FEB225122080A16600A836DD /* Products */,
			);
			sourceTree = "<group>";
		};
		FEB225122080A16600A836DD /* Products */ = {
			isa = PBXGroup;
			children = (
				FEB225112080A16600A836DD /* SFRefreshView.app */,
				FEB225292080A16700A836DD /* SFRefreshViewTests.xctest */,
				FEB225342080A16700A836DD /* SFRefreshViewUITests.xctest */,
			);
			name = Products;
			sourceTree = "<group>";
		};
		FEB225132080A16600A836DD /* SFRefreshView */ = {
			isa = PBXGroup;
			children = (
				FEB225462080A23400A836DD /* SFRefresh */,
				FEB225142080A16600A836DD /* AppDelegate.h */,
				FEB225152080A16600A836DD /* AppDelegate.m */,
				FEB225172080A16600A836DD /* ViewController.h */,
				FEB225182080A16600A836DD /* ViewController.m */,
				FEB2251A2080A16600A836DD /* Main.storyboard */,
				FEB2251D2080A16700A836DD /* Assets.xcassets */,
				FEB2251F2080A16700A836DD /* LaunchScreen.storyboard */,
				FEB225222080A16700A836DD /* Info.plist */,
				FEB225232080A16700A836DD /* main.m */,
			);
			path = SFRefreshView;
			sourceTree = "<group>";
		};
		FEB2252C2080A16700A836DD /* SFRefreshViewTests */ = {
			isa = PBXGroup;
			children = (
				FEB2252D2080A16700A836DD /* SFRefreshViewTests.m */,
				FEB2252F2080A16700A836DD /* Info.plist */,
			);
			path = SFRefreshViewTests;
			sourceTree = "<group>";
		};
		FEB225372080A16700A836DD /* SFRefreshViewUITests */ = {
			isa = PBXGroup;
			children = (
				FEB225382080A16700A836DD /* SFRefreshViewUITests.m */,
				FEB2253A2080A16700A836DD /* Info.plist */,
			);
			path = SFRefreshViewUITests;
			sourceTree = "<group>";
		};
		FEB225462080A23400A836DD /* SFRefresh */ = {
			isa = PBXGroup;
			children = (
				FEB225472080A23400A836DD /* SFRefreshWrapper.h */,
				FEB225592080A23400A836DD /* SFRefreshWrapper.m */,
				FEB2254B2080A23400A836DD /* SFRefreshComponent.h */,
				FEB2255B2080A23400A836DD /* SFRefreshComponent.m */,
				FEB225492080A23400A836DD /* SFRefreshHeaderView.h */,
				FEB2255A2080A23400A836DD /* SFRefreshHeaderView.m */,
				FEB225582080A23400A836DD /* SFRefreshFooterView.h */,
				FEB225482080A23400A836DD /* SFRefreshFooterView.m */,
				FEB2254A2080A23400A836DD /* UIScrollView+SFRefresh.m */,
				FEB2254C2080A23400A836DD /* Animators */,
				FEB2255C2080A23400A836DD /* UIScrollView+SFRefresh.h */,
			);
			path = SFRefresh;
			sourceTree = "<group>";
		};
		FEB2254C2080A23400A836DD /* Animators */ = {
			isa = PBXGroup;
			children = (
				FEB2254D2080A23400A836DD /* Footer */,
				FEB225502080A23400A836DD /* UIColorExtension.swift */,
				FEB225512080A23400A836DD /* Header */,
			);
			path = Animators;
			sourceTree = "<group>";
		};
		FEB2254D2080A23400A836DD /* Footer */ = {
			isa = PBXGroup;
			children = (
				FEB2254E2080A23400A836DD /* SFNormalFooterAnimator.m */,
				FEB2254F2080A23400A836DD /* SFNormalFooterAnimator.h */,
			);
			path = Footer;
			sourceTree = "<group>";
		};
		FEB225512080A23400A836DD /* Header */ = {
			isa = PBXGroup;
			children = (
				FEB225522080A23400A836DD /* SFFastAnimator.m */,
				FEB225532080A23400A836DD /* FastLayer.swift */,
				FEB225542080A23400A836DD /* FastArrowLayer.swift */,
				FEB225552080A23400A836DD /* FastCheckLayer.swift */,
				FEB225562080A23400A836DD /* FastCircleLayer.swift */,
				FEB225572080A23400A836DD /* SFFastAnimator.h */,
			);
			path = Header;
			sourceTree = "<group>";
		};
/* End PBXGroup section */

/* Begin PBXNativeTarget section */
		FEB225102080A16600A836DD /* SFRefreshView */ = {
			isa = PBXNativeTarget;
			buildConfigurationList = FEB2253D2080A16700A836DD /* Build configuration list for PBXNativeTarget "SFRefreshView" */;
			buildPhases = (
				FEB2250D2080A16600A836DD /* Sources */,
				FEB2250E2080A16600A836DD /* Frameworks */,
				FEB2250F2080A16600A836DD /* Resources */,
			);
			buildRules = (
			);
			dependencies = (
			);
			name = SFRefreshView;
			productName = SFRefreshView;
			productReference = FEB225112080A16600A836DD /* SFRefreshView.app */;
			productType = "com.apple.product-type.application";
		};
		FEB225282080A16700A836DD /* SFRefreshViewTests */ = {
			isa = PBXNativeTarget;
			buildConfigurationList = FEB225402080A16700A836DD /* Build configuration list for PBXNativeTarget "SFRefreshViewTests" */;
			buildPhases = (
				FEB225252080A16700A836DD /* Sources */,
				FEB225262080A16700A836DD /* Frameworks */,
				FEB225272080A16700A836DD /* Resources */,
			);
			buildRules = (
			);
			dependencies = (
				FEB2252B2080A16700A836DD /* PBXTargetDependency */,
			);
			name = SFRefreshViewTests;
			productName = SFRefreshViewTests;
			productReference = FEB225292080A16700A836DD /* SFRefreshViewTests.xctest */;
			productType = "com.apple.product-type.bundle.unit-test";
		};
		FEB225332080A16700A836DD /* SFRefreshViewUITests */ = {
			isa = PBXNativeTarget;
			buildConfigurationList = FEB225432080A16700A836DD /* Build configuration list for PBXNativeTarget "SFRefreshViewUITests" */;
			buildPhases = (
				FEB225302080A16700A836DD /* Sources */,
				FEB225312080A16700A836DD /* Frameworks */,
				FEB225322080A16700A836DD /* Resources */,
			);
			buildRules = (
			);
			dependencies = (
				FEB225362080A16700A836DD /* PBXTargetDependency */,
			);
			name = SFRefreshViewUITests;
			productName = SFRefreshViewUITests;
			productReference = FEB225342080A16700A836DD /* SFRefreshViewUITests.xctest */;
			productType = "com.apple.product-type.bundle.ui-testing";
		};
/* End PBXNativeTarget section */

/* Begin PBXProject section */
		FEB225092080A16600A836DD /* Project object */ = {
			isa = PBXProject;
			attributes = {
				LastUpgradeCheck = 0930;
				ORGANIZATIONNAME = Coder.flower;
				TargetAttributes = {
					FEB225102080A16600A836DD = {
						CreatedOnToolsVersion = 9.3;
					};
					FEB225282080A16700A836DD = {
						CreatedOnToolsVersion = 9.3;
						TestTargetID = FEB225102080A16600A836DD;
					};
					FEB225332080A16700A836DD = {
						CreatedOnToolsVersion = 9.3;
						TestTargetID = FEB225102080A16600A836DD;
					};
				};
			};
			buildConfigurationList = FEB2250C2080A16600A836DD /* Build configuration list for PBXProject "SFRefreshView" */;
			compatibilityVersion = "Xcode 9.3";
			developmentRegion = en;
			hasScannedForEncodings = 0;
			knownRegions = (
				en,
				Base,
			);
			mainGroup = FEB225082080A16600A836DD;
			productRefGroup = FEB225122080A16600A836DD /* Products */;
			projectDirPath = "";
			projectRoot = "";
			targets = (
				FEB225102080A16600A836DD /* SFRefreshView */,
				FEB225282080A16700A836DD /* SFRefreshViewTests */,
				FEB225332080A16700A836DD /* SFRefreshViewUITests */,
			);
		};
/* End PBXProject section */

/* Begin PBXResourcesBuildPhase section */
		FEB2250F2080A16600A836DD /* Resources */ = {
			isa = PBXResourcesBuildPhase;
			buildActionMask = 2147483647;
			files = (
				FEB225212080A16700A836DD /* LaunchScreen.storyboard in Resources */,
				FEB2251E2080A16700A836DD /* Assets.xcassets in Resources */,
				FEB2251C2080A16600A836DD /* Main.storyboard in Resources */,
			);
			runOnlyForDeploymentPostprocessing = 0;
		};
		FEB225272080A16700A836DD /* Resources */ = {
			isa = PBXResourcesBuildPhase;
			buildActionMask = 2147483647;
			files = (
			);
			runOnlyForDeploymentPostprocessing = 0;
		};
		FEB225322080A16700A836DD /* Resources */ = {
			isa = PBXResourcesBuildPhase;
			buildActionMask = 2147483647;
			files = (
			);
			runOnlyForDeploymentPostprocessing = 0;
		};
/* End PBXResourcesBuildPhase section */

/* Begin PBXSourcesBuildPhase section */
		FEB2250D2080A16600A836DD /* Sources */ = {
			isa = PBXSourcesBuildPhase;
			buildActionMask = 2147483647;
			files = (
				FEB2255E2080A23400A836DD /* UIScrollView+SFRefresh.m in Sources */,
				FEB225632080A23400A836DD /* FastArrowLayer.swift in Sources */,
				FEB225622080A23400A836DD /* FastLayer.swift in Sources */,
				FEB225602080A23400A836DD /* UIColorExtension.swift in Sources */,
				FEB2255F2080A23400A836DD /* SFNormalFooterAnimator.m in Sources */,
				FEB225682080A23400A836DD /* SFRefreshComponent.m in Sources */,
				FEB225192080A16600A836DD /* ViewController.m in Sources */,
				FEB225642080A23400A836DD /* FastCheckLayer.swift in Sources */,
				FEB225242080A16700A836DD /* main.m in Sources */,
				FEB225612080A23400A836DD /* SFFastAnimator.m in Sources */,
				FEB225662080A23400A836DD /* SFRefreshWrapper.m in Sources */,
				FEB225672080A23400A836DD /* SFRefreshHeaderView.m in Sources */,
				FEB225652080A23400A836DD /* FastCircleLayer.swift in Sources */,
				FEB2255D2080A23400A836DD /* SFRefreshFooterView.m in Sources */,
				FEB225162080A16600A836DD /* AppDelegate.m in Sources */,
			);
			runOnlyForDeploymentPostprocessing = 0;
		};
		FEB225252080A16700A836DD /* Sources */ = {
			isa = PBXSourcesBuildPhase;
			buildActionMask = 2147483647;
			files = (
				FEB2252E2080A16700A836DD /* SFRefreshViewTests.m in Sources */,
			);
			runOnlyForDeploymentPostprocessing = 0;
		};
		FEB225302080A16700A836DD /* Sources */ = {
			isa = PBXSourcesBuildPhase;
			buildActionMask = 2147483647;
			files = (
				FEB225392080A16700A836DD /* SFRefreshViewUITests.m in Sources */,
			);
			runOnlyForDeploymentPostprocessing = 0;
		};
/* End PBXSourcesBuildPhase section */

/* Begin PBXTargetDependency section */
		FEB2252B2080A16700A836DD /* PBXTargetDependency */ = {
			isa = PBXTargetDependency;
			target = FEB225102080A16600A836DD /* SFRefreshView */;
			targetProxy = FEB2252A2080A16700A836DD /* PBXContainerItemProxy */;
		};
		FEB225362080A16700A836DD /* PBXTargetDependency */ = {
			isa = PBXTargetDependency;
			target = FEB225102080A16600A836DD /* SFRefreshView */;
			targetProxy = FEB225352080A16700A836DD /* PBXContainerItemProxy */;
		};
/* End PBXTargetDependency section */

/* Begin PBXVariantGroup section */
		FEB2251A2080A16600A836DD /* Main.storyboard */ = {
			isa = PBXVariantGroup;
			children = (
				FEB2251B2080A16600A836DD /* Base */,
			);
			name = Main.storyboard;
			sourceTree = "<group>";
		};
		FEB2251F2080A16700A836DD /* LaunchScreen.storyboard */ = {
			isa = PBXVariantGroup;
			children = (
				FEB225202080A16700A836DD /* Base */,
			);
			name = LaunchScreen.storyboard;
			sourceTree = "<group>";
		};
/* End PBXVariantGroup section */

/* Begin XCBuildConfiguration section */
		FEB2253B2080A16700A836DD /* Debug */ = {
			isa = XCBuildConfiguration;
			buildSettings = {
				ALWAYS_SEARCH_USER_PATHS = NO;
				CLANG_ANALYZER_NONNULL = YES;
				CLANG_ANALYZER_NUMBER_OBJECT_CONVERSION = YES_AGGRESSIVE;
				CLANG_CXX_LANGUAGE_STANDARD = "gnu++14";
				CLANG_CXX_LIBRARY = "libc++";
				CLANG_ENABLE_MODULES = YES;
				CLANG_ENABLE_OBJC_ARC = YES;
				CLANG_ENABLE_OBJC_WEAK = YES;
				CLANG_WARN_BLOCK_CAPTURE_AUTORELEASING = YES;
				CLANG_WARN_BOOL_CONVERSION = YES;
				CLANG_WARN_COMMA = YES;
				CLANG_WARN_CONSTANT_CONVERSION = YES;
				CLANG_WARN_DEPRECATED_OBJC_IMPLEMENTATIONS = YES;
				CLANG_WARN_DIRECT_OBJC_ISA_USAGE = YES_ERROR;
				CLANG_WARN_DOCUMENTATION_COMMENTS = YES;
				CLANG_WARN_EMPTY_BODY = YES;
				CLANG_WARN_ENUM_CONVERSION = YES;
				CLANG_WARN_INFINITE_RECURSION = YES;
				CLANG_WARN_INT_CONVERSION = YES;
				CLANG_WARN_NON_LITERAL_NULL_CONVERSION = YES;
				CLANG_WARN_OBJC_IMPLICIT_RETAIN_SELF = YES;
				CLANG_WARN_OBJC_LITERAL_CONVERSION = YES;
				CLANG_WARN_OBJC_ROOT_CLASS = YES_ERROR;
				CLANG_WARN_RANGE_LOOP_ANALYSIS = YES;
				CLANG_WARN_STRICT_PROTOTYPES = YES;
				CLANG_WARN_SUSPICIOUS_MOVE = YES;
				CLANG_WARN_UNGUARDED_AVAILABILITY = YES_AGGRESSIVE;
				CLANG_WARN_UNREACHABLE_CODE = YES;
				CLANG_WARN__DUPLICATE_METHOD_MATCH = YES;
				CODE_SIGN_IDENTITY = "iPhone Developer";
				COPY_PHASE_STRIP = NO;
				DEBUG_INFORMATION_FORMAT = dwarf;
				ENABLE_STRICT_OBJC_MSGSEND = YES;
				ENABLE_TESTABILITY = YES;
				GCC_C_LANGUAGE_STANDARD = gnu11;
				GCC_DYNAMIC_NO_PIC = NO;
				GCC_NO_COMMON_BLOCKS = YES;
				GCC_OPTIMIZATION_LEVEL = 0;
				GCC_PREPROCESSOR_DEFINITIONS = (
					"DEBUG=1",
					"$(inherited)",
				);
				GCC_WARN_64_TO_32_BIT_CONVERSION = YES;
				GCC_WARN_ABOUT_RETURN_TYPE = YES_ERROR;
				GCC_WARN_UNDECLARED_SELECTOR = YES;
				GCC_WARN_UNINITIALIZED_AUTOS = YES_AGGRESSIVE;
				GCC_WARN_UNUSED_FUNCTION = YES;
				GCC_WARN_UNUSED_VARIABLE = YES;
				IPHONEOS_DEPLOYMENT_TARGET = 11.3;
				MTL_ENABLE_DEBUG_INFO = YES;
				ONLY_ACTIVE_ARCH = YES;
				SDKROOT = iphoneos;
			};
			name = Debug;
		};
		FEB2253C2080A16700A836DD /* Release */ = {
			isa = XCBuildConfiguration;
			buildSettings = {
				ALWAYS_SEARCH_USER_PATHS = NO;
				CLANG_ANALYZER_NONNULL = YES;
				CLANG_ANALYZER_NUMBER_OBJECT_CONVERSION = YES_AGGRESSIVE;
				CLANG_CXX_LANGUAGE_STANDARD = "gnu++14";
				CLANG_CXX_LIBRARY = "libc++";
				CLANG_ENABLE_MODULES = YES;
				CLANG_ENABLE_OBJC_ARC = YES;
				CLANG_ENABLE_OBJC_WEAK = YES;
				CLANG_WARN_BLOCK_CAPTURE_AUTORELEASING = YES;
				CLANG_WARN_BOOL_CONVERSION = YES;
				CLANG_WARN_COMMA = YES;
				CLANG_WARN_CONSTANT_CONVERSION = YES;
				CLANG_WARN_DEPRECATED_OBJC_IMPLEMENTATIONS = YES;
				CLANG_WARN_DIRECT_OBJC_ISA_USAGE = YES_ERROR;
				CLANG_WARN_DOCUMENTATION_COMMENTS = YES;
				CLANG_WARN_EMPTY_BODY = YES;
				CLANG_WARN_ENUM_CONVERSION = YES;
				CLANG_WARN_INFINITE_RECURSION = YES;
				CLANG_WARN_INT_CONVERSION = YES;
				CLANG_WARN_NON_LITERAL_NULL_CONVERSION = YES;
				CLANG_WARN_OBJC_IMPLICIT_RETAIN_SELF = YES;
				CLANG_WARN_OBJC_LITERAL_CONVERSION = YES;
				CLANG_WARN_OBJC_ROOT_CLASS = YES_ERROR;
				CLANG_WARN_RANGE_LOOP_ANALYSIS = YES;
				CLANG_WARN_STRICT_PROTOTYPES = YES;
				CLANG_WARN_SUSPICIOUS_MOVE = YES;
				CLANG_WARN_UNGUARDED_AVAILABILITY = YES_AGGRESSIVE;
				CLANG_WARN_UNREACHABLE_CODE = YES;
				CLANG_WARN__DUPLICATE_METHOD_MATCH = YES;
				CODE_SIGN_IDENTITY = "iPhone Developer";
				COPY_PHASE_STRIP = NO;
				DEBUG_INFORMATION_FORMAT = "dwarf-with-dsym";
				ENABLE_NS_ASSERTIONS = NO;
				ENABLE_STRICT_OBJC_MSGSEND = YES;
				GCC_C_LANGUAGE_STANDARD = gnu11;
				GCC_NO_COMMON_BLOCKS = YES;
				GCC_WARN_64_TO_32_BIT_CONVERSION = YES;
				GCC_WARN_ABOUT_RETURN_TYPE = YES_ERROR;
				GCC_WARN_UNDECLARED_SELECTOR = YES;
				GCC_WARN_UNINITIALIZED_AUTOS = YES_AGGRESSIVE;
				GCC_WARN_UNUSED_FUNCTION = YES;
				GCC_WARN_UNUSED_VARIABLE = YES;
				IPHONEOS_DEPLOYMENT_TARGET = 11.3;
				MTL_ENABLE_DEBUG_INFO = NO;
				SDKROOT = iphoneos;
				VALIDATE_PRODUCT = YES;
			};
			name = Release;
		};
		FEB2253E2080A16700A836DD /* Debug */ = {
			isa = XCBuildConfiguration;
			buildSettings = {
				ASSETCATALOG_COMPILER_APPICON_NAME = AppIcon;
				CODE_SIGN_STYLE = Automatic;
				DEVELOPMENT_TEAM = 5XERJB6TQW;
				INFOPLIST_FILE = SFRefreshView/Info.plist;
				LD_RUNPATH_SEARCH_PATHS = (
					"$(inherited)",
					"@executable_path/Frameworks",
				);
				PRODUCT_BUNDLE_IDENTIFIER = Coder.flower.SFRefreshView;
				PRODUCT_NAME = "$(TARGET_NAME)";
				SWIFT_VERSION = 4.0;
				TARGETED_DEVICE_FAMILY = "1,2";
			};
			name = Debug;
		};
		FEB2253F2080A16700A836DD /* Release */ = {
			isa = XCBuildConfiguration;
			buildSettings = {
				ASSETCATALOG_COMPILER_APPICON_NAME = AppIcon;
				CODE_SIGN_STYLE = Automatic;
				DEVELOPMENT_TEAM = 5XERJB6TQW;
				INFOPLIST_FILE = SFRefreshView/Info.plist;
				LD_RUNPATH_SEARCH_PATHS = (
					"$(inherited)",
					"@executable_path/Frameworks",
				);
				PRODUCT_BUNDLE_IDENTIFIER = Coder.flower.SFRefreshView;
				PRODUCT_NAME = "$(TARGET_NAME)";
				SWIFT_VERSION = 4.0;
				TARGETED_DEVICE_FAMILY = "1,2";
			};
			name = Release;
		};
		FEB225412080A16700A836DD /* Debug */ = {
			isa = XCBuildConfiguration;
			buildSettings = {
				ALWAYS_EMBED_SWIFT_STANDARD_LIBRARIES = YES;
				BUNDLE_LOADER = "$(TEST_HOST)";
				CODE_SIGN_STYLE = Automatic;
				DEVELOPMENT_TEAM = 5XERJB6TQW;
				INFOPLIST_FILE = SFRefreshViewTests/Info.plist;
				LD_RUNPATH_SEARCH_PATHS = (
					"$(inherited)",
					"@executable_path/Frameworks",
					"@loader_path/Frameworks",
				);
				PRODUCT_BUNDLE_IDENTIFIER = Coder.flower.SFRefreshViewTests;
				PRODUCT_NAME = "$(TARGET_NAME)";
				TARGETED_DEVICE_FAMILY = "1,2";
				TEST_HOST = "$(BUILT_PRODUCTS_DIR)/SFRefreshView.app/SFRefreshView";
			};
			name = Debug;
		};
		FEB225422080A16700A836DD /* Release */ = {
			isa = XCBuildConfiguration;
			buildSettings = {
				ALWAYS_EMBED_SWIFT_STANDARD_LIBRARIES = YES;
				BUNDLE_LOADER = "$(TEST_HOST)";
				CODE_SIGN_STYLE = Automatic;
				DEVELOPMENT_TEAM = 5XERJB6TQW;
				INFOPLIST_FILE = SFRefreshViewTests/Info.plist;
				LD_RUNPATH_SEARCH_PATHS = (
					"$(inherited)",
					"@executable_path/Frameworks",
					"@loader_path/Frameworks",
				);
				PRODUCT_BUNDLE_IDENTIFIER = Coder.flower.SFRefreshViewTests;
				PRODUCT_NAME = "$(TARGET_NAME)";
				TARGETED_DEVICE_FAMILY = "1,2";
				TEST_HOST = "$(BUILT_PRODUCTS_DIR)/SFRefreshView.app/SFRefreshView";
			};
			name = Release;
		};
		FEB225442080A16700A836DD /* Debug */ = {
			isa = XCBuildConfiguration;
			buildSettings = {
				ALWAYS_EMBED_SWIFT_STANDARD_LIBRARIES = YES;
				CODE_SIGN_STYLE = Automatic;
				DEVELOPMENT_TEAM = 5XERJB6TQW;
				INFOPLIST_FILE = SFRefreshViewUITests/Info.plist;
				LD_RUNPATH_SEARCH_PATHS = (
					"$(inherited)",
					"@executable_path/Frameworks",
					"@loader_path/Frameworks",
				);
				PRODUCT_BUNDLE_IDENTIFIER = Coder.flower.SFRefreshViewUITests;
				PRODUCT_NAME = "$(TARGET_NAME)";
				TARGETED_DEVICE_FAMILY = "1,2";
				TEST_TARGET_NAME = SFRefreshView;
			};
			name = Debug;
		};
		FEB225452080A16700A836DD /* Release */ = {
			isa = XCBuildConfiguration;
			buildSettings = {
				ALWAYS_EMBED_SWIFT_STANDARD_LIBRARIES = YES;
				CODE_SIGN_STYLE = Automatic;
				DEVELOPMENT_TEAM = 5XERJB6TQW;
				INFOPLIST_FILE = SFRefreshViewUITests/Info.plist;
				LD_RUNPATH_SEARCH_PATHS = (
					"$(inherited)",
					"@executable_path/Frameworks",
					"@loader_path/Frameworks",
				);
				PRODUCT_BUNDLE_IDENTIFIER = Coder.flower.SFRefreshViewUITests;
				PRODUCT_NAME = "$(TARGET_NAME)";
				TARGETED_DEVICE_FAMILY = "1,2";
				TEST_TARGET_NAME = SFRefreshView;
			};
			name = Release;
		};
/* End XCBuildConfiguration section */

/* Begin XCConfigurationList section */
		FEB2250C2080A16600A836DD /* Build configuration list for PBXProject "SFRefreshView" */ = {
			isa = XCConfigurationList;
			buildConfigurations = (
				FEB2253B2080A16700A836DD /* Debug */,
				FEB2253C2080A16700A836DD /* Release */,
			);
			defaultConfigurationIsVisible = 0;
			defaultConfigurationName = Release;
		};
		FEB2253D2080A16700A836DD /* Build configuration list for PBXNativeTarget "SFRefreshView" */ = {
			isa = XCConfigurationList;
			buildConfigurations = (
				FEB2253E2080A16700A836DD /* Debug */,
				FEB2253F2080A16700A836DD /* Release */,
			);
			defaultConfigurationIsVisible = 0;
			defaultConfigurationName = Release;
		};
		FEB225402080A16700A836DD /* Build configuration list for PBXNativeTarget "SFRefreshViewTests" */ = {
			isa = XCConfigurationList;
			buildConfigurations = (
				FEB225412080A16700A836DD /* Debug */,
				FEB225422080A16700A836DD /* Release */,
			);
			defaultConfigurationIsVisible = 0;
			defaultConfigurationName = Release;
		};
		FEB225432080A16700A836DD /* Build configuration list for PBXNativeTarget "SFRefreshViewUITests" */ = {
			isa = XCConfigurationList;
			buildConfigurations = (
				FEB225442080A16700A836DD /* Debug */,
				FEB225452080A16700A836DD /* Release */,
			);
			defaultConfigurationIsVisible = 0;
			defaultConfigurationName = Release;
		};
/* End XCConfigurationList section */
	};
	rootObject = FEB225092080A16600A836DD /* Project object */;
}
